
Microsoft Visual Studio Solution File, Format Version 12.00
# Visual Studio Version 16
VisualStudioVersion = 16.0.31702.278
MinimumVisualStudioVersion = 10.0.40219.1
Project("{FAE04EC0-301F-11D3-BF4B-00C04F79EFBC}") = "WebAppRestaurante2", "WebAppRestaurante2\WebAppRestaurante2.csproj", "{C2C0FEA7-A59C-4469-8CEA-F2FACC6399B2}"
EndProject
Global
	GlobalSection(SolutionConfigurationPlatforms) = preSolution
		Debug|Any CPU = Debug|Any CPU
		Release|Any CPU = Release|Any CPU
	EndGlobalSection
	GlobalSection(ProjectConfigurationPlatforms) = postSolution
		{C2C0FEA7-A59C-4469-8CEA-F2FACC6399B2}.Debug|Any CPU.ActiveCfg = Debug|Any CPU
		{C2C0FEA7-A59C-4469-8CEA-F2FACC6399B2}.Debug|Any CPU.Build.0 = Debug|Any CPU
		{C2C0FEA7-A59C-4469-8CEA-F2FACC6399B2}.Release|Any CPU.ActiveCfg = Release|Any CPU
		{C2C0FEA7-A59C-4469-8CEA-F2FACC6399B2}.Release|Any CPU.Build.0 = Release|Any CPU
	EndGlobalSection
	GlobalSection(SolutionProperties) = preSolution
		HideSolutionNode = FALSE
	EndGlobalSection
	GlobalSection(ExtensibilityGlobals) = postSolution
		SolutionGuid = {24F68AF7-AD16-4044-8B47-97E615902783}
	EndGlobalSection
EndGlobal
